{
  "nodes": {
    "nixpkgs": {
      "locked": {
        "lastModified": 1708687810,
        "narHash": "sha256-DAsU+q5eG0Jm+6YSi5M8QGJd/nkEwyW51KCOBMLbbCA=",
        "owner": "NixOS",
        "repo": "nixpkgs",
        "rev": "b13bb492c717df11eaf63ad4af9a6d143b2fb8fa",
        "type": "github"
      },
      "original": {
        "owner": "NixOS",
        "repo": "nixpkgs",
        "type": "github"
      }
    },
    "root": {
      "inputs": {
        "nixpkgs": "nixpkgs"
      }
    }
  },
  "root": "root",
  "version": 7
}
