{
  "nodes": {
    "nixpkgs": {
      "locked": {
        "lastModified": 1724750154,
        "narHash": "sha256-JwDnjdjfan59I72OseX+xijZ39BK1g+dPA16mtLhCA4=",
        "owner": "NixOS",
        "repo": "nixpkgs",
        "rev": "38ed1f8ccfd85cfd3fa16d6c63e6d4374e47cdcd",
        "type": "github"
      },
      "original": {
        "owner": "NixOS",
        "repo": "nixpkgs",
        "type": "github"
      }
    },
    "root": {
      "inputs": {
        "nixpkgs": "nixpkgs"
      }
    }
  },
  "root": "root",
  "version": 7
}
