{
  "nodes": {
    "nixpkgs": {
      "locked": {
        "lastModified": 1705922897,
        "narHash": "sha256-S3M7rXxvBQVoK3JQY8GnMsvx8L434aMJSIRcnVUJhMI=",
        "owner": "NixOS",
        "repo": "nixpkgs",
        "rev": "17ee917fede206d2eaaaa248e54c8d9b98bf1f5c",
        "type": "github"
      },
      "original": {
        "owner": "NixOS",
        "repo": "nixpkgs",
        "type": "github"
      }
    },
    "root": {
      "inputs": {
        "nixpkgs": "nixpkgs"
      }
    }
  },
  "root": "root",
  "version": 7
}
